PODS:
  - JTAppleCalendar (8.0.5)

DEPENDENCIES:
  - JTAppleCalendar (from `https://github.com/patchthecode/JTAppleCalendar.git`, branch `master`)

EXTERNAL SOURCES:
  JTAppleCalendar:
    :branch: master
    :git: https://github.com/patchthecode/JTAppleCalendar.git

CHECKOUT OPTIONS:
  JTAppleCalendar:
    :commit: 718f0ab68ba0fcd2bc134f6e9d30edc1b9b038e1
    :git: https://github.com/patchthecode/JTAppleCalendar.git

SPEC CHECKSUMS:
  JTAppleCalendar: 16c6501b22cb27520372c28b0a2e0b12c8d0cd73

PODFILE CHECKSUM: d753cd738811bee67bf3a6014932ac4a294a8085

COCOAPODS: 1.12.0
